// !$*UTF8*$!
{
	archiveVersion = 1;
	classes = {
	};
	objectVersion = 46;
	objects = {

/* Begin PBXBuildFile section */
		9E26E8231E3E93BE0017AEC0 /* AppDelegate.swift in Sources */ = {isa = PBXBuildFile; fileRef = 9E26E8221E3E93BE0017AEC0 /* AppDelegate.swift */; };
		9E26E8251E3E93BE0017AEC0 /* ViewController.swift in Sources */ = {isa = PBXBuildFile; fileRef = 9E26E8241E3E93BE0017AEC0 /* ViewController.swift */; };
		9E26E8281E3E93BE0017AEC0 /* Main.storyboard in Resources */ = {isa = PBXBuildFile; fileRef = 9E26E8261E3E93BE0017AEC0 /* Main.storyboard */; };
		9E26E82B1E3E93BE0017AEC0 /* LogIn_Demo.xcdatamodeld in Sources */ = {isa = PBXBuildFile; fileRef = 9E26E8291E3E93BE0017AEC0 /* LogIn_Demo.xcdatamodeld */; };
		9E26E82D1E3E93BE0017AEC0 /* Assets.xcassets in Resources */ = {isa = PBXBuildFile; fileRef = 9E26E82C1E3E93BE0017AEC0 /* Assets.xcassets */; };
		9E26E8301E3E93BE0017AEC0 /* LaunchScreen.storyboard in Resources */ = {isa = PBXBuildFile; fileRef = 9E26E82E1E3E93BE0017AEC0 /* LaunchScreen.storyboard */; };
/* End PBXBuildFile section */

/* Begin PBXFileReference section */
		9E26E81F1E3E93BE0017AEC0 /* LogIn Demo.app */ = {isa = PBXFileReference; explicitFileType = wrapper.application; includeInIndex = 0; path = "LogIn Demo.app"; sourceTree = BUILT_PRODUCTS_DIR; };
		9E26E8221E3E93BE0017AEC0 /* AppDelegate.swift */ = {isa = PBXFileReference; lastKnownFileType = sourcecode.swift; path = AppDelegate.swift; sourceTree = "<group>"; };
		9E26E8241E3E93BE0017AEC0 /* ViewController.swift */ = {isa = PBXFileReference; lastKnownFileType = sourcecode.swift; path = ViewController.swift; sourceTree = "<group>"; };
		9E26E8271E3E93BE0017AEC0 /* Base */ = {isa = PBXFileReference; lastKnownFileType = file.storyboard; name = Base; path = Base.lproj/Main.storyboard; sourceTree = "<group>"; };
		9E26E82A1E3E93BE0017AEC0 /* LogIn_Demo.xcdatamodel */ = {isa = PBXFileReference; lastKnownFileType = wrapper.xcdatamodel; path = LogIn_Demo.xcdatamodel; sourceTree = "<group>"; };
		9E26E82C1E3E93BE0017AEC0 /* Assets.xcassets */ = {isa = PBXFileReference; lastKnownFileType = folder.assetcatalog; path = Assets.xcassets; sourceTree = "<group>"; };
		9E26E82F1E3E93BE0017AEC0 /* Base */ = {isa = PBXFileReference; lastKnownFileType = file.storyboard; name = Base; path = Base.lproj/LaunchScreen.storyboard; sourceTree = "<group>"; };
		9E26E8311E3E93BE0017AEC0 /* Info.plist */ = {isa = PBXFileReference; lastKnownFileType = text.plist.xml; path = Info.plist; sourceTree = "<group>"; };
/* End PBXFileReference section */

/* Begin PBXFrameworksBuildPhase section */
		9E26E81C1E3E93BE0017AEC0 /* Frameworks */ = {
			isa = PBXFrameworksBuildPhase;
			buildActionMask = 2147483647;
			files = (
			);
			runOnlyForDeploymentPostprocessing = 0;
		};
/* End PBXFrameworksBuildPhase section */

/* Begin PBXGroup section */
		9E26E8161E3E93BE0017AEC0 = {
			isa = PBXGroup;
			children = (
				9E26E8211E3E93BE0017AEC0 /* LogIn Demo */,
				9E26E8201E3E93BE0017AEC0 /* Products */,
			);
			sourceTree = "<group>";
		};
		9E26E8201E3E93BE0017AEC0 /* Products */ = {
			isa = PBXGroup;
			children = (
				9E26E81F1E3E93BE0017AEC0 /* LogIn Demo.app */,
			);
			name = Products;
			sourceTree = "<group>";
		};
		9E26E8211E3E93BE0017AEC0 /* LogIn Demo */ = {
			isa = PBXGroup;
			children = (
				9E26E8221E3E93BE0017AEC0 /* AppDelegate.swift */,
				9E26E8241E3E93BE0017AEC0 /* ViewController.swift */,
				9E26E8261E3E93BE0017AEC0 /* Main.storyboard */,
				9E26E82C1E3E93BE0017AEC0 /* Assets.xcassets */,
				9E26E82E1E3E93BE0017AEC0 /* LaunchScreen.storyboard */,
				9E26E8311E3E93BE0017AEC0 /* Info.plist */,
				9E26E8291E3E93BE0017AEC0 /* LogIn_Demo.xcdatamodeld */,
			);
			path = "LogIn Demo";
			sourceTree = "<group>";
		};
/* End PBXGroup section */

/* Begin PBXNativeTarget section */
		9E26E81E1E3E93BE0017AEC0 /* LogIn Demo */ = {
			isa = PBXNativeTarget;
			buildConfigurationList = 9E26E8341E3E93BE0017AEC0 /* Build configuration list for PBXNativeTarget "LogIn Demo" */;
			buildPhases = (
				9E26E81B1E3E93BE0017AEC0 /* Sources */,
				9E26E81C1E3E93BE0017AEC0 /* Frameworks */,
				9E26E81D1E3E93BE0017AEC0 /* Resources */,
			);
			buildRules = (
			);
			dependencies = (
			);
			name = "LogIn Demo";
			productName = "LogIn Demo";
			productReference = 9E26E81F1E3E93BE0017AEC0 /* LogIn Demo.app */;
			productType = "com.apple.product-type.application";
		};
/* End PBXNativeTarget section */

/* Begin PBXProject section */
		9E26E8171E3E93BE0017AEC0 /* Project object */ = {
			isa = PBXProject;
			attributes = {
				LastSwiftUpdateCheck = 0820;
				LastUpgradeCheck = 0820;
				ORGANIZATIONNAME = "Maalik Hornbuckle";
				TargetAttributes = {
					9E26E81E1E3E93BE0017AEC0 = {
						CreatedOnToolsVersion = 8.2.1;
						ProvisioningStyle = Automatic;
					};
				};
			};
			buildConfigurationList = 9E26E81A1E3E93BE0017AEC0 /* Build configuration list for PBXProject "LogIn Demo" */;
			compatibilityVersion = "Xcode 3.2";
			developmentRegion = English;
			hasScannedForEncodings = 0;
			knownRegions = (
				en,
				Base,
			);
			mainGroup = 9E26E8161E3E93BE0017AEC0;
			productRefGroup = 9E26E8201E3E93BE0017AEC0 /* Products */;
			projectDirPath = "";
			projectRoot = "";
			targets = (
				9E26E81E1E3E93BE0017AEC0 /* LogIn Demo */,
			);
		};
/* End PBXProject section */

/* Begin PBXResourcesBuildPhase section */
		9E26E81D1E3E93BE0017AEC0 /* Resources */ = {
			isa = PBXResourcesBuildPhase;
			buildActionMask = 2147483647;
			files = (
				9E26E8301E3E93BE0017AEC0 /* LaunchScreen.storyboard in Resources */,
				9E26E82D1E3E93BE0017AEC0 /* Assets.xcassets in Resources */,
				9E26E8281E3E93BE0017AEC0 /* Main.storyboard in Resources */,
			);
			runOnlyForDeploymentPostprocessing = 0;
		};
/* End PBXResourcesBuildPhase section */

/* Begin PBXSourcesBuildPhase section */
		9E26E81B1E3E93BE0017AEC0 /* Sources */ = {
			isa = PBXSourcesBuildPhase;
			buildActionMask = 2147483647;
			files = (
				9E26E8251E3E93BE0017AEC0 /* ViewController.swift in Sources */,
				9E26E82B1E3E93BE0017AEC0 /* LogIn_Demo.xcdatamodeld in Sources */,
				9E26E8231E3E93BE0017AEC0 /* AppDelegate.swift in Sources */,
			);
			runOnlyForDeploymentPostprocessing = 0;
		};
/* End PBXSourcesBuildPhase section */

/* Begin PBXVariantGroup section */
		9E26E8261E3E93BE0017AEC0 /* Main.storyboard */ = {
			isa = PBXVariantGroup;
			children = (
				9E26E8271E3E93BE0017AEC0 /* Base */,
			);
			name = Main.storyboard;
			sourceTree = "<group>";
		};
		9E26E82E1E3E93BE0017AEC0 /* LaunchScreen.storyboard */ = {
			isa = PBXVariantGroup;
			children = (
				9E26E82F1E3E93BE0017AEC0 /* Base */,
			);
			name = LaunchScreen.storyboard;
			sourceTree = "<group>";
		};
/* End PBXVariantGroup section */

/* Begin XCBuildConfiguration section */
		9E26E8321E3E93BE0017AEC0 /* Debug */ = {
			isa = XCBuildConfiguration;
			buildSettings = {
				ALWAYS_SEARCH_USER_PATHS = NO;
				CLANG_ANALYZER_NONNULL = YES;
				CLANG_CXX_LANGUAGE_STANDARD = "gnu++0x";
				CLANG_CXX_LIBRARY = "libc++";
				CLANG_ENABLE_MODULES = YES;
				CLANG_ENABLE_OBJC_ARC = YES;
				CLANG_WARN_BOOL_CONVERSION = YES;
				CLANG_WARN_CONSTANT_CONVERSION = YES;
				CLANG_WARN_DIRECT_OBJC_ISA_USAGE = YES_ERROR;
				CLANG_WARN_DOCUMENTATION_COMMENTS = YES;
				CLANG_WARN_EMPTY_BODY = YES;
				CLANG_WARN_ENUM_CONVERSION = YES;
				CLANG_WARN_INFINITE_RECURSION = YES;
				CLANG_WARN_INT_CONVERSION = YES;
				CLANG_WARN_OBJC_ROOT_CLASS = YES_ERROR;
				CLANG_WARN_SUSPICIOUS_MOVE = YES;
				CLANG_WARN_UNREACHABLE_CODE = YES;
				CLANG_WARN__DUPLICATE_METHOD_MATCH = YES;
				"CODE_SIGN_IDENTITY[sdk=iphoneos*]" = "iPhone Developer";
				COPY_PHASE_STRIP = NO;
				DEBUG_INFORMATION_FORMAT = dwarf;
				ENABLE_STRICT_OBJC_MSGSEND = YES;
				ENABLE_TESTABILITY = YES;
				GCC_C_LANGUAGE_STANDARD = gnu99;
				GCC_DYNAMIC_NO_PIC = NO;
				GCC_NO_COMMON_BLOCKS = YES;
				GCC_OPTIMIZATION_LEVEL = 0;
				GCC_PREPROCESSOR_DEFINITIONS = (
					"DEBUG=1",
					"$(inherited)",
				);
				GCC_WARN_64_TO_32_BIT_CONVERSION = YES;
				GCC_WARN_ABOUT_RETURN_TYPE = YES_ERROR;
				GCC_WARN_UNDECLARED_SELECTOR = YES;
				GCC_WARN_UNINITIALIZED_AUTOS = YES_AGGRESSIVE;
				GCC_WARN_UNUSED_FUNCTION = YES;
				GCC_WARN_UNUSED_VARIABLE = YES;
				IPHONEOS_DEPLOYMENT_TARGET = 10.2;
				MTL_ENABLE_DEBUG_INFO = YES;
				ONLY_ACTIVE_ARCH = YES;
				SDKROOT = iphoneos;
				SWIFT_ACTIVE_COMPILATION_CONDITIONS = DEBUG;
				SWIFT_OPTIMIZATION_LEVEL = "-Onone";
				TARGETED_DEVICE_FAMILY = "1,2";
			};
			name = Debug;
		};
		9E26E8331E3E93BE0017AEC0 /* Release */ = {
			isa = XCBuildConfiguration;
			buildSettings = {
				ALWAYS_SEARCH_USER_PATHS = NO;
				CLANG_ANALYZER_NONNULL = YES;
				CLANG_CXX_LANGUAGE_STANDARD = "gnu++0x";
				CLANG_CXX_LIBRARY = "libc++";
				CLANG_ENABLE_MODULES = YES;
				CLANG_ENABLE_OBJC_ARC = YES;
				CLANG_WARN_BOOL_CONVERSION = YES;
				CLANG_WARN_CONSTANT_CONVERSION = YES;
				CLANG_WARN_DIRECT_OBJC_ISA_USAGE = YES_ERROR;
				CLANG_WARN_DOCUMENTATION_COMMENTS = YES;
				CLANG_WARN_EMPTY_BODY = YES;
				CLANG_WARN_ENUM_CONVERSION = YES;
				CLANG_WARN_INFINITE_RECURSION = YES;
				CLANG_WARN_INT_CONVERSION = YES;
				CLANG_WARN_OBJC_ROOT_CLASS = YES_ERROR;
				CLANG_WARN_SUSPICIOUS_MOVE = YES;
				CLANG_WARN_UNREACHABLE_CODE = YES;
				CLANG_WARN__DUPLICATE_METHOD_MATCH = YES;
				"CODE_SIGN_IDENTITY[sdk=iphoneos*]" = "iPhone Developer";
				COPY_PHASE_STRIP = NO;
				DEBUG_INFORMATION_FORMAT = "dwarf-with-dsym";
				ENABLE_NS_ASSERTIONS = NO;
				ENABLE_STRICT_OBJC_MSGSEND = YES;
				GCC_C_LANGUAGE_STANDARD = gnu99;
				GCC_NO_COMMON_BLOCKS = YES;
				GCC_WARN_64_TO_32_BIT_CONVERSION = YES;
				GCC_WARN_ABOUT_RETURN_TYPE = YES_ERROR;
				GCC_WARN_UNDECLARED_SELECTOR = YES;
				GCC_WARN_UNINITIALIZED_AUTOS = YES_AGGRESSIVE;
				GCC_WARN_UNUSED_FUNCTION = YES;
				GCC_WARN_UNUSED_VARIABLE = YES;
				IPHONEOS_DEPLOYMENT_TARGET = 10.2;
				MTL_ENABLE_DEBUG_INFO = NO;
				SDKROOT = iphoneos;
				SWIFT_OPTIMIZATION_LEVEL = "-Owholemodule";
				TARGETED_DEVICE_FAMILY = "1,2";
				VALIDATE_PRODUCT = YES;
			};
			name = Release;
		};
		9E26E8351E3E93BE0017AEC0 /* Debug */ = {
			isa = XCBuildConfiguration;
			buildSettings = {
				ASSETCATALOG_COMPILER_APPICON_NAME = AppIcon;
				INFOPLIST_FILE = "LogIn Demo/Info.plist";
				LD_RUNPATH_SEARCH_PATHS = "$(inherited) @executable_path/Frameworks";
				PRODUCT_BUNDLE_IDENTIFIER = "Maalik-Hornbuckle.LogIn-Demo";
				PRODUCT_NAME = "$(TARGET_NAME)";
				SWIFT_VERSION = 3.0;
			};
			name = Debug;
		};
		9E26E8361E3E93BE0017AEC0 /* Release */ = {
			isa = XCBuildConfiguration;
			buildSettings = {
				ASSETCATALOG_COMPILER_APPICON_NAME = AppIcon;
				INFOPLIST_FILE = "LogIn Demo/Info.plist";
				LD_RUNPATH_SEARCH_PATHS = "$(inherited) @executable_path/Frameworks";
				PRODUCT_BUNDLE_IDENTIFIER = "Maalik-Hornbuckle.LogIn-Demo";
				PRODUCT_NAME = "$(TARGET_NAME)";
				SWIFT_VERSION = 3.0;
			};
			name = Release;
		};
/* End XCBuildConfiguration section */

/* Begin XCConfigurationList section */
		9E26E81A1E3E93BE0017AEC0 /* Build configuration list for PBXProject "LogIn Demo" */ = {
			isa = XCConfigurationList;
			buildConfigurations = (
				9E26E8321E3E93BE0017AEC0 /* Debug */,
				9E26E8331E3E93BE0017AEC0 /* Release */,
			);
			defaultConfigurationIsVisible = 0;
			defaultConfigurationName = Release;
		};
		9E26E8341E3E93BE0017AEC0 /* Build configuration list for PBXNativeTarget "LogIn Demo" */ = {
			isa = XCConfigurationList;
			buildConfigurations = (
				9E26E8351E3E93BE0017AEC0 /* Debug */,
				9E26E8361E3E93BE0017AEC0 /* Release */,
			);
			defaultConfigurationIsVisible = 0;
		};
/* End XCConfigurationList section */

/* Begin XCVersionGroup section */
		9E26E8291E3E93BE0017AEC0 /* LogIn_Demo.xcdatamodeld */ = {
			isa = XCVersionGroup;
			children = (
				9E26E82A1E3E93BE0017AEC0 /* LogIn_Demo.xcdatamodel */,
			);
			currentVersion = 9E26E82A1E3E93BE0017AEC0 /* LogIn_Demo.xcdatamodel */;
			path = LogIn_Demo.xcdatamodeld;
			sourceTree = "<group>";
			versionGroupType = wrapper.xcdatamodel;
		};
/* End XCVersionGroup section */
	};
	rootObject = 9E26E8171E3E93BE0017AEC0 /* Project object */;
}
